{
    "_readme": [
        "This file locks the dependencies of your project to a known state",
        "Read more about it at https://getcomposer.org/doc/01-basic-usage.md#composer-lock-the-lock-file",
        "This file is @generated automatically"
    ],
    "hash": "45fcdfe522cf261902e91bcae9c3d002",
    "content-hash": "9cebda9fad5cdd38b675dc82c797e695",
    "packages": [
        {
            "name": "justinrainbow/json-schema",
            "version": "1.5.0",
            "source": {
                "type": "git",
                "url": "https://github.com/justinrainbow/json-schema.git",
                "reference": "a4bee9f4b344b66e0a0d96c7afae1e92edf385fe"
            },
            "dist": {
                "type": "zip",
                "url": "https://api.github.com/repos/justinrainbow/json-schema/zipball/a4bee9f4b344b66e0a0d96c7afae1e92edf385fe",
                "reference": "a4bee9f4b344b66e0a0d96c7afae1e92edf385fe",
                "shasum": ""
            },
            "require": {
                "php": ">=5.3.2"
            },
            "require-dev": {
                "json-schema/json-schema-test-suite": "1.1.0",
                "phpdocumentor/phpdocumentor": "~2",
                "phpunit/phpunit": "~3.7"
            },
            "bin": [
                "bin/validate-json"
            ],
            "type": "library",
            "extra": {
                "branch-alias": {
                    "dev-master": "1.4.x-dev"
                }
            },
            "autoload": {
                "psr-4": {
                    "JsonSchema\\": "src/JsonSchema/"
                }
            },
            "notification-url": "https://packagist.org/downloads/",
            "license": [
                "BSD-3-Clause"
            ],
            "authors": [
                {
                    "name": "Bruno Prieto Reis",
                    "email": "bruno.p.reis@gmail.com"
                },
                {
                    "name": "Justin Rainbow",
                    "email": "justin.rainbow@gmail.com"
                },
                {
                    "name": "Igor Wiedler",
                    "email": "igor@wiedler.ch"
                },
                {
                    "name": "Robert Schönthal",
                    "email": "seroscho@googlemail.com"
                }
            ],
            "description": "A library to validate a json schema.",
            "homepage": "https://github.com/justinrainbow/json-schema",
            "keywords": [
                "json",
                "schema"
            ],
            "time": "2015-09-08 22:28:04"
        },
        {
            "name": "seld/jsonlint",
            "version": "1.3.1",
            "source": {
                "type": "git",
                "url": "https://github.com/Seldaek/jsonlint.git",
                "reference": "863ae85c6d3ef60ca49cb12bd051c4a0648c40c4"
            },
            "dist": {
                "type": "zip",
                "url": "https://api.github.com/repos/Seldaek/jsonlint/zipball/863ae85c6d3ef60ca49cb12bd051c4a0648c40c4",
                "reference": "863ae85c6d3ef60ca49cb12bd051c4a0648c40c4",
                "shasum": ""
            },
            "require": {
                "php": ">=5.3.0"
            },
            "bin": [
                "bin/jsonlint"
            ],
            "type": "library",
            "autoload": {
                "psr-4": {
                    "Seld\\JsonLint\\": "src/Seld/JsonLint/"
                }
            },
            "notification-url": "https://packagist.org/downloads/",
            "license": [
                "MIT"
            ],
            "authors": [
                {
                    "name": "Jordi Boggiano",
                    "email": "j.boggiano@seld.be",
                    "homepage": "http://seld.be"
                }
            ],
            "description": "JSON Linter",
            "keywords": [
                "json",
                "linter",
                "parser",
                "validator"
            ],
            "time": "2015-01-04 21:18:15"
        },
        {
            "name": "symfony/console",
            "version": "v2.7.5",
            "source": {
                "type": "git",
                "url": "https://github.com/symfony/console.git",
                "reference": "06cb17c013a82f94a3d840682b49425cd00a2161"
            },
            "dist": {
                "type": "zip",
                "url": "https://api.github.com/repos/symfony/console/zipball/06cb17c013a82f94a3d840682b49425cd00a2161",
                "reference": "06cb17c013a82f94a3d840682b49425cd00a2161",
                "shasum": ""
            },
            "require": {
                "php": ">=5.3.9"
            },
            "require-dev": {
                "psr/log": "~1.0",
                "symfony/event-dispatcher": "~2.1",
                "symfony/phpunit-bridge": "~2.7",
                "symfony/process": "~2.1"
            },
            "suggest": {
                "psr/log": "For using the console logger",
                "symfony/event-dispatcher": "",
                "symfony/process": ""
            },
            "type": "library",
            "extra": {
                "branch-alias": {
                    "dev-master": "2.7-dev"
                }
            },
            "autoload": {
                "psr-4": {
                    "Symfony\\Component\\Console\\": ""
                }
            },
            "notification-url": "https://packagist.org/downloads/",
            "license": [
                "MIT"
            ],
            "authors": [
                {
                    "name": "Fabien Potencier",
                    "email": "fabien@symfony.com"
                },
                {
                    "name": "Symfony Community",
                    "homepage": "https://symfony.com/contributors"
                }
            ],
            "description": "Symfony Console Component",
            "homepage": "https://symfony.com",
            "time": "2015-09-25 08:32:23"
        },
        {
            "name": "symfony/event-dispatcher",
            "version": "v2.7.5",
            "source": {
                "type": "git",
                "url": "https://github.com/symfony/event-dispatcher.git",
                "reference": "ae4dcc2a8d3de98bd794167a3ccda1311597c5d9"
            },
            "dist": {
                "type": "zip",
                "url": "https://api.github.com/repos/symfony/event-dispatcher/zipball/ae4dcc2a8d3de98bd794167a3ccda1311597c5d9",
                "reference": "ae4dcc2a8d3de98bd794167a3ccda1311597c5d9",
                "shasum": ""
            },
            "require": {
                "php": ">=5.3.9"
            },
            "require-dev": {
                "psr/log": "~1.0",
                "symfony/config": "~2.0,>=2.0.5",
                "symfony/dependency-injection": "~2.6",
                "symfony/expression-language": "~2.6",
                "symfony/phpunit-bridge": "~2.7",
                "symfony/stopwatch": "~2.3"
            },
            "suggest": {
                "symfony/dependency-injection": "",
                "symfony/http-kernel": ""
            },
            "type": "library",
            "extra": {
                "branch-alias": {
                    "dev-master": "2.7-dev"
                }
            },
            "autoload": {
                "psr-4": {
                    "Symfony\\Component\\EventDispatcher\\": ""
                }
            },
            "notification-url": "https://packagist.org/downloads/",
            "license": [
                "MIT"
            ],
            "authors": [
                {
                    "name": "Fabien Potencier",
                    "email": "fabien@symfony.com"
                },
                {
                    "name": "Symfony Community",
                    "homepage": "https://symfony.com/contributors"
                }
            ],
            "description": "Symfony EventDispatcher Component",
            "homepage": "https://symfony.com",
            "time": "2015-09-22 13:49:29"
        },
        {
            "name": "symfony/process",
            "version": "v2.7.5",
            "source": {
                "type": "git",
                "url": "https://github.com/symfony/process.git",
                "reference": "b27c8e317922cd3cdd3600850273cf6b82b2e8e9"
            },
            "dist": {
                "type": "zip",
                "url": "https://api.github.com/repos/symfony/process/zipball/b27c8e317922cd3cdd3600850273cf6b82b2e8e9",
                "reference": "b27c8e317922cd3cdd3600850273cf6b82b2e8e9",
                "shasum": ""
            },
            "require": {
                "php": ">=5.3.9"
            },
            "require-dev": {
                "symfony/phpunit-bridge": "~2.7"
            },
            "type": "library",
            "extra": {
                "branch-alias": {
                    "dev-master": "2.7-dev"
                }
            },
            "autoload": {
                "psr-4": {
                    "Symfony\\Component\\Process\\": ""
                }
            },
            "notification-url": "https://packagist.org/downloads/",
            "license": [
                "MIT"
            ],
            "authors": [
                {
                    "name": "Fabien Potencier",
                    "email": "fabien@symfony.com"
                },
                {
                    "name": "Symfony Community",
                    "homepage": "https://symfony.com/contributors"
                }
            ],
            "description": "Symfony Process Component",
            "homepage": "https://symfony.com",
            "time": "2015-09-19 19:59:23"
        },
        {
            "name": "symfony/yaml",
            "version": "v2.7.5",
            "source": {
                "type": "git",
                "url": "https://github.com/symfony/yaml.git",
                "reference": "31cb2ad0155c95b88ee55fe12bc7ff92232c1770"
            },
            "dist": {
                "type": "zip",
                "url": "https://api.github.com/repos/symfony/yaml/zipball/31cb2ad0155c95b88ee55fe12bc7ff92232c1770",
                "reference": "31cb2ad0155c95b88ee55fe12bc7ff92232c1770",
                "shasum": ""
            },
            "require": {
                "php": ">=5.3.9"
            },
            "require-dev": {
                "symfony/phpunit-bridge": "~2.7"
            },
            "type": "library",
            "extra": {
                "branch-alias": {
                    "dev-master": "2.7-dev"
                }
            },
            "autoload": {
                "psr-4": {
                    "Symfony\\Component\\Yaml\\": ""
                }
            },
            "notification-url": "https://packagist.org/downloads/",
            "license": [
                "MIT"
            ],
            "authors": [
                {
                    "name": "Fabien Potencier",
                    "email": "fabien@symfony.com"
                },
                {
                    "name": "Symfony Community",
                    "homepage": "https://symfony.com/contributors"
                }
            ],
            "description": "Symfony Yaml Component",
            "homepage": "https://symfony.com",
            "time": "2015-09-14 14:14:09"
        },
        {
            "name": "webmozart/assert",
            "version": "1.0.2",
            "source": {
                "type": "git",
                "url": "https://github.com/webmozart/assert.git",
                "reference": "30eed06dd6bc88410a4ff7f77b6d22f3ce13dbde"
            },
            "dist": {
                "type": "zip",
                "url": "https://api.github.com/repos/webmozart/assert/zipball/30eed06dd6bc88410a4ff7f77b6d22f3ce13dbde",
                "reference": "30eed06dd6bc88410a4ff7f77b6d22f3ce13dbde",
                "shasum": ""
            },
            "require": {
                "php": ">=5.3.3"
            },
            "require-dev": {
                "phpunit/phpunit": "^4.6"
            },
            "type": "library",
            "extra": {
                "branch-alias": {
                    "dev-master": "1.0-dev"
                }
            },
            "autoload": {
                "psr-4": {
                    "Webmozart\\Assert\\": "src/"
                }
            },
            "notification-url": "https://packagist.org/downloads/",
            "license": [
                "MIT"
            ],
            "authors": [
                {
                    "name": "Bernhard Schussek",
                    "email": "bschussek@gmail.com"
                }
            ],
            "description": "Assertions to validate method input/output with nice error messages.",
            "keywords": [
                "assert",
                "check",
                "validate"
            ],
            "time": "2015-08-24 13:29:44"
        },
        {
            "name": "webmozart/console",
            "version": "1.0.0-beta4",
            "source": {
                "type": "git",
                "url": "https://github.com/webmozart/console.git",
                "reference": "ed7b1fb437cbf6fc5bebdcb802b2f2070c03d1ab"
            },
            "dist": {
                "type": "zip",
                "url": "https://api.github.com/repos/webmozart/console/zipball/ed7b1fb437cbf6fc5bebdcb802b2f2070c03d1ab",
                "reference": "ed7b1fb437cbf6fc5bebdcb802b2f2070c03d1ab",
                "shasum": ""
            },
            "require": {
                "php": ">=5.3.9",
                "symfony/console": "^2.7",
                "symfony/event-dispatcher": "^2.5",
                "symfony/process": "^2.5",
                "webmozart/assert": "^1.0"
            },
            "require-dev": {
                "phpunit/phpunit": "^4.6",
                "sebastian/version": "^1.0.1",
                "symfony/filesystem": "^2.3"
            },
            "type": "library",
            "extra": {
                "branch-alias": {
                    "dev-master": "1.0-dev"
                }
            },
            "autoload": {
                "psr-4": {
                    "Webmozart\\Console\\": "src/"
                }
            },
            "notification-url": "https://packagist.org/downloads/",
            "license": [
                "MIT"
            ],
            "authors": [
                {
                    "name": "Bernhard Schussek",
                    "email": "bschussek@gmail.com"
                }
            ],
            "description": "A usable, beautiful and easily testable console toolkit written in PHP.",
            "time": "2015-10-02 13:37:46"
        }
    ],
    "packages-dev": [],
    "aliases": [],
    "minimum-stability": "stable",
    "stability-flags": {
        "webmozart/console": 10
    },
    "prefer-stable": false,
    "prefer-lowest": false,
    "platform": [],
    "platform-dev": []
}
